
Microsoft Visual Studio Solution File, Format Version 12.00
# Visual Studio Version 17
VisualStudioVersion = 17.5.002.0
MinimumVisualStudioVersion = 10.0.40219.1
Project("{9A19103F-16F7-4668-BE54-9A1E7A4F7556}") = "hw1", "hw1\hw1.csproj", "{F1A1B89A-935F-462D-9B0F-FC785419C1E1}"
EndProject
Project("{9A19103F-16F7-4668-BE54-9A1E7A4F7556}") = "hw2", "hw2\hw2.csproj", "{90BE700B-0586-4A95-B163-671133B21D4F}"
EndProject
Project("{9A19103F-16F7-4668-BE54-9A1E7A4F7556}") = "hw3", "hw3\hw3.csproj", "{D0DA2E0C-496F-419C-B518-3EC58B3CF5E6}"
EndProject
Global
	GlobalSection(SolutionConfigurationPlatforms) = preSolution
		Debug|Any CPU = Debug|Any CPU
		Release|Any CPU = Release|Any CPU
	EndGlobalSection
	GlobalSection(ProjectConfigurationPlatforms) = postSolution
		{F1A1B89A-935F-462D-9B0F-FC785419C1E1}.Debug|Any CPU.ActiveCfg = Debug|Any CPU
		{F1A1B89A-935F-462D-9B0F-FC785419C1E1}.Debug|Any CPU.Build.0 = Debug|Any CPU
		{F1A1B89A-935F-462D-9B0F-FC785419C1E1}.Release|Any CPU.ActiveCfg = Release|Any CPU
		{F1A1B89A-935F-462D-9B0F-FC785419C1E1}.Release|Any CPU.Build.0 = Release|Any CPU
		{90BE700B-0586-4A95-B163-671133B21D4F}.Debug|Any CPU.ActiveCfg = Debug|Any CPU
		{90BE700B-0586-4A95-B163-671133B21D4F}.Debug|Any CPU.Build.0 = Debug|Any CPU
		{90BE700B-0586-4A95-B163-671133B21D4F}.Release|Any CPU.ActiveCfg = Release|Any CPU
		{90BE700B-0586-4A95-B163-671133B21D4F}.Release|Any CPU.Build.0 = Release|Any CPU
		{D0DA2E0C-496F-419C-B518-3EC58B3CF5E6}.Debug|Any CPU.ActiveCfg = Debug|Any CPU
		{D0DA2E0C-496F-419C-B518-3EC58B3CF5E6}.Debug|Any CPU.Build.0 = Debug|Any CPU
		{D0DA2E0C-496F-419C-B518-3EC58B3CF5E6}.Release|Any CPU.ActiveCfg = Release|Any CPU
		{D0DA2E0C-496F-419C-B518-3EC58B3CF5E6}.Release|Any CPU.Build.0 = Release|Any CPU
	EndGlobalSection
	GlobalSection(SolutionProperties) = preSolution
		HideSolutionNode = FALSE
	EndGlobalSection
	GlobalSection(ExtensibilityGlobals) = postSolution
		SolutionGuid = {0BDAF873-C3ED-451B-AAC4-6AEEC745D208}
	EndGlobalSection
EndGlobal
